
Microsoft Visual Studio Solution File, Format Version 12.00
# Visual Studio Version 17
VisualStudioVersion = 17.14.36109.1
MinimumVisualStudioVersion = 10.0.40219.1
Project("{8BC9CEB8-8B4A-11D0-8D11-00A0C91BC942}") = "testy", "testy\testy.vcxproj", "{603CFD4D-D397-4837-9211-EDDE76842F26}"
EndProject
Project("{8BC9CEB8-8B4A-11D0-8D11-00A0C91BC942}") = "tokenizer", "tokenizer\tokenizer.vcxproj", "{CCF4B8C6-EBA1-41CC-8402-8DAFE8E4C915}"
EndProject
Project("{8BC9CEB8-8B4A-11D0-8D11-00A0C91BC942}") = "basetypes", "basetypes\basetypes.vcxproj", "{62DEDDD1-7417-4A23-BEC2-266E236868A5}"
EndProject
Project("{8BC9CEB8-8B4A-11D0-8D11-00A0C91BC942}") = "genclassifier", "genclassifier\genclassifier.vcxproj", "{9A950BDF-D498-4C50-98CA-B56C6AAF18E2}"
EndProject
Project("{8BC9CEB8-8B4A-11D0-8D11-00A0C91BC942}") = "scanner", "scanner\scanner.vcxproj", "{0B34DC62-81DC-461A-841A-5DE385A88C0E}"
EndProject
Project("{8BC9CEB8-8B4A-11D0-8D11-00A0C91BC942}") = "interpreter", "interpreter\interpreter.vcxproj", "{254E3437-4D42-49DB-A513-E73F5D877124}"
EndProject
Project("{8BC9CEB8-8B4A-11D0-8D11-00A0C91BC942}") = "test_ps_interpreter", "test_ps_interpreter\test_ps_interpreter.vcxproj", "{4A1F7E2B-BE8B-4113-9CBB-DAB6372A71E0}"
EndProject
Project("{8BC9CEB8-8B4A-11D0-8D11-00A0C91BC942}") = "test_ps_graphics", "test_ps_graphics\test_ps_graphics.vcxproj", "{8017E05C-CBF1-46A6-83A4-D6D35FAD68BE}"
EndProject
Project("{8BC9CEB8-8B4A-11D0-8D11-00A0C91BC942}") = "post2img", "post2img\post2img.vcxproj", "{4442C73D-B5A6-41F5-A8DB-F3C4E462DC07}"
EndProject
Project("{8BC9CEB8-8B4A-11D0-8D11-00A0C91BC942}") = "waavscript", "waavscript\waavscript.vcxproj", "{10C78369-3226-4419-958B-86D758AD0A6F}"
EndProject
Project("{8BC9CEB8-8B4A-11D0-8D11-00A0C91BC942}") = "test_ffi", "test_ffi\test_ffi.vcxproj", "{0CCEC47A-87DF-4783-90D4-97E357C66506}"
EndProject
Global
	GlobalSection(SolutionConfigurationPlatforms) = preSolution
		Debug|ARM64 = Debug|ARM64
		Debug|x64 = Debug|x64
		Debug|x86 = Debug|x86
		Release|ARM64 = Release|ARM64
		Release|x64 = Release|x64
		Release|x86 = Release|x86
	EndGlobalSection
	GlobalSection(ProjectConfigurationPlatforms) = postSolution
		{603CFD4D-D397-4837-9211-EDDE76842F26}.Debug|ARM64.ActiveCfg = Debug|ARM64
		{603CFD4D-D397-4837-9211-EDDE76842F26}.Debug|ARM64.Build.0 = Debug|ARM64
		{603CFD4D-D397-4837-9211-EDDE76842F26}.Debug|x64.ActiveCfg = Debug|x64
		{603CFD4D-D397-4837-9211-EDDE76842F26}.Debug|x64.Build.0 = Debug|x64
		{603CFD4D-D397-4837-9211-EDDE76842F26}.Debug|x86.ActiveCfg = Debug|Win32
		{603CFD4D-D397-4837-9211-EDDE76842F26}.Debug|x86.Build.0 = Debug|Win32
		{603CFD4D-D397-4837-9211-EDDE76842F26}.Release|ARM64.ActiveCfg = Release|ARM64
		{603CFD4D-D397-4837-9211-EDDE76842F26}.Release|ARM64.Build.0 = Release|ARM64
		{603CFD4D-D397-4837-9211-EDDE76842F26}.Release|x64.ActiveCfg = Release|x64
		{603CFD4D-D397-4837-9211-EDDE76842F26}.Release|x64.Build.0 = Release|x64
		{603CFD4D-D397-4837-9211-EDDE76842F26}.Release|x86.ActiveCfg = Release|Win32
		{603CFD4D-D397-4837-9211-EDDE76842F26}.Release|x86.Build.0 = Release|Win32
		{CCF4B8C6-EBA1-41CC-8402-8DAFE8E4C915}.Debug|ARM64.ActiveCfg = Debug|ARM64
		{CCF4B8C6-EBA1-41CC-8402-8DAFE8E4C915}.Debug|ARM64.Build.0 = Debug|ARM64
		{CCF4B8C6-EBA1-41CC-8402-8DAFE8E4C915}.Debug|x64.ActiveCfg = Debug|x64
		{CCF4B8C6-EBA1-41CC-8402-8DAFE8E4C915}.Debug|x64.Build.0 = Debug|x64
		{CCF4B8C6-EBA1-41CC-8402-8DAFE8E4C915}.Debug|x86.ActiveCfg = Debug|Win32
		{CCF4B8C6-EBA1-41CC-8402-8DAFE8E4C915}.Debug|x86.Build.0 = Debug|Win32
		{CCF4B8C6-EBA1-41CC-8402-8DAFE8E4C915}.Release|ARM64.ActiveCfg = Release|ARM64
		{CCF4B8C6-EBA1-41CC-8402-8DAFE8E4C915}.Release|ARM64.Build.0 = Release|ARM64
		{CCF4B8C6-EBA1-41CC-8402-8DAFE8E4C915}.Release|x64.ActiveCfg = Release|x64
		{CCF4B8C6-EBA1-41CC-8402-8DAFE8E4C915}.Release|x64.Build.0 = Release|x64
		{CCF4B8C6-EBA1-41CC-8402-8DAFE8E4C915}.Release|x86.ActiveCfg = Release|Win32
		{CCF4B8C6-EBA1-41CC-8402-8DAFE8E4C915}.Release|x86.Build.0 = Release|Win32
		{62DEDDD1-7417-4A23-BEC2-266E236868A5}.Debug|ARM64.ActiveCfg = Debug|ARM64
		{62DEDDD1-7417-4A23-BEC2-266E236868A5}.Debug|ARM64.Build.0 = Debug|ARM64
		{62DEDDD1-7417-4A23-BEC2-266E236868A5}.Debug|x64.ActiveCfg = Debug|x64
		{62DEDDD1-7417-4A23-BEC2-266E236868A5}.Debug|x64.Build.0 = Debug|x64
		{62DEDDD1-7417-4A23-BEC2-266E236868A5}.Debug|x86.ActiveCfg = Debug|Win32
		{62DEDDD1-7417-4A23-BEC2-266E236868A5}.Debug|x86.Build.0 = Debug|Win32
		{62DEDDD1-7417-4A23-BEC2-266E236868A5}.Release|ARM64.ActiveCfg = Release|ARM64
		{62DEDDD1-7417-4A23-BEC2-266E236868A5}.Release|ARM64.Build.0 = Release|ARM64
		{62DEDDD1-7417-4A23-BEC2-266E236868A5}.Release|x64.ActiveCfg = Release|x64
		{62DEDDD1-7417-4A23-BEC2-266E236868A5}.Release|x64.Build.0 = Release|x64
		{62DEDDD1-7417-4A23-BEC2-266E236868A5}.Release|x86.ActiveCfg = Release|Win32
		{62DEDDD1-7417-4A23-BEC2-266E236868A5}.Release|x86.Build.0 = Release|Win32
		{9A950BDF-D498-4C50-98CA-B56C6AAF18E2}.Debug|ARM64.ActiveCfg = Debug|ARM64
		{9A950BDF-D498-4C50-98CA-B56C6AAF18E2}.Debug|ARM64.Build.0 = Debug|ARM64
		{9A950BDF-D498-4C50-98CA-B56C6AAF18E2}.Debug|x64.ActiveCfg = Debug|x64
		{9A950BDF-D498-4C50-98CA-B56C6AAF18E2}.Debug|x64.Build.0 = Debug|x64
		{9A950BDF-D498-4C50-98CA-B56C6AAF18E2}.Debug|x86.ActiveCfg = Debug|Win32
		{9A950BDF-D498-4C50-98CA-B56C6AAF18E2}.Debug|x86.Build.0 = Debug|Win32
		{9A950BDF-D498-4C50-98CA-B56C6AAF18E2}.Release|ARM64.ActiveCfg = Release|ARM64
		{9A950BDF-D498-4C50-98CA-B56C6AAF18E2}.Release|ARM64.Build.0 = Release|ARM64
		{9A950BDF-D498-4C50-98CA-B56C6AAF18E2}.Release|x64.ActiveCfg = Release|x64
		{9A950BDF-D498-4C50-98CA-B56C6AAF18E2}.Release|x64.Build.0 = Release|x64
		{9A950BDF-D498-4C50-98CA-B56C6AAF18E2}.Release|x86.ActiveCfg = Release|Win32
		{9A950BDF-D498-4C50-98CA-B56C6AAF18E2}.Release|x86.Build.0 = Release|Win32
		{0B34DC62-81DC-461A-841A-5DE385A88C0E}.Debug|ARM64.ActiveCfg = Debug|ARM64
		{0B34DC62-81DC-461A-841A-5DE385A88C0E}.Debug|ARM64.Build.0 = Debug|ARM64
		{0B34DC62-81DC-461A-841A-5DE385A88C0E}.Debug|x64.ActiveCfg = Debug|x64
		{0B34DC62-81DC-461A-841A-5DE385A88C0E}.Debug|x64.Build.0 = Debug|x64
		{0B34DC62-81DC-461A-841A-5DE385A88C0E}.Debug|x86.ActiveCfg = Debug|Win32
		{0B34DC62-81DC-461A-841A-5DE385A88C0E}.Debug|x86.Build.0 = Debug|Win32
		{0B34DC62-81DC-461A-841A-5DE385A88C0E}.Release|ARM64.ActiveCfg = Release|ARM64
		{0B34DC62-81DC-461A-841A-5DE385A88C0E}.Release|ARM64.Build.0 = Release|ARM64
		{0B34DC62-81DC-461A-841A-5DE385A88C0E}.Release|x64.ActiveCfg = Release|x64
		{0B34DC62-81DC-461A-841A-5DE385A88C0E}.Release|x64.Build.0 = Release|x64
		{0B34DC62-81DC-461A-841A-5DE385A88C0E}.Release|x86.ActiveCfg = Release|Win32
		{0B34DC62-81DC-461A-841A-5DE385A88C0E}.Release|x86.Build.0 = Release|Win32
		{254E3437-4D42-49DB-A513-E73F5D877124}.Debug|ARM64.ActiveCfg = Debug|ARM64
		{254E3437-4D42-49DB-A513-E73F5D877124}.Debug|ARM64.Build.0 = Debug|ARM64
		{254E3437-4D42-49DB-A513-E73F5D877124}.Debug|x64.ActiveCfg = Debug|x64
		{254E3437-4D42-49DB-A513-E73F5D877124}.Debug|x64.Build.0 = Debug|x64
		{254E3437-4D42-49DB-A513-E73F5D877124}.Debug|x86.ActiveCfg = Debug|Win32
		{254E3437-4D42-49DB-A513-E73F5D877124}.Debug|x86.Build.0 = Debug|Win32
		{254E3437-4D42-49DB-A513-E73F5D877124}.Release|ARM64.ActiveCfg = Release|ARM64
		{254E3437-4D42-49DB-A513-E73F5D877124}.Release|ARM64.Build.0 = Release|ARM64
		{254E3437-4D42-49DB-A513-E73F5D877124}.Release|x64.ActiveCfg = Release|x64
		{254E3437-4D42-49DB-A513-E73F5D877124}.Release|x64.Build.0 = Release|x64
		{254E3437-4D42-49DB-A513-E73F5D877124}.Release|x86.ActiveCfg = Release|Win32
		{254E3437-4D42-49DB-A513-E73F5D877124}.Release|x86.Build.0 = Release|Win32
		{4A1F7E2B-BE8B-4113-9CBB-DAB6372A71E0}.Debug|ARM64.ActiveCfg = Debug|ARM64
		{4A1F7E2B-BE8B-4113-9CBB-DAB6372A71E0}.Debug|ARM64.Build.0 = Debug|ARM64
		{4A1F7E2B-BE8B-4113-9CBB-DAB6372A71E0}.Debug|x64.ActiveCfg = Debug|x64
		{4A1F7E2B-BE8B-4113-9CBB-DAB6372A71E0}.Debug|x64.Build.0 = Debug|x64
		{4A1F7E2B-BE8B-4113-9CBB-DAB6372A71E0}.Debug|x86.ActiveCfg = Debug|Win32
		{4A1F7E2B-BE8B-4113-9CBB-DAB6372A71E0}.Debug|x86.Build.0 = Debug|Win32
		{4A1F7E2B-BE8B-4113-9CBB-DAB6372A71E0}.Release|ARM64.ActiveCfg = Release|ARM64
		{4A1F7E2B-BE8B-4113-9CBB-DAB6372A71E0}.Release|ARM64.Build.0 = Release|ARM64
		{4A1F7E2B-BE8B-4113-9CBB-DAB6372A71E0}.Release|x64.ActiveCfg = Release|x64
		{4A1F7E2B-BE8B-4113-9CBB-DAB6372A71E0}.Release|x64.Build.0 = Release|x64
		{4A1F7E2B-BE8B-4113-9CBB-DAB6372A71E0}.Release|x86.ActiveCfg = Release|Win32
		{4A1F7E2B-BE8B-4113-9CBB-DAB6372A71E0}.Release|x86.Build.0 = Release|Win32
		{8017E05C-CBF1-46A6-83A4-D6D35FAD68BE}.Debug|ARM64.ActiveCfg = Debug|ARM64
		{8017E05C-CBF1-46A6-83A4-D6D35FAD68BE}.Debug|ARM64.Build.0 = Debug|ARM64
		{8017E05C-CBF1-46A6-83A4-D6D35FAD68BE}.Debug|x64.ActiveCfg = Debug|x64
		{8017E05C-CBF1-46A6-83A4-D6D35FAD68BE}.Debug|x64.Build.0 = Debug|x64
		{8017E05C-CBF1-46A6-83A4-D6D35FAD68BE}.Debug|x86.ActiveCfg = Debug|Win32
		{8017E05C-CBF1-46A6-83A4-D6D35FAD68BE}.Debug|x86.Build.0 = Debug|Win32
		{8017E05C-CBF1-46A6-83A4-D6D35FAD68BE}.Release|ARM64.ActiveCfg = Release|ARM64
		{8017E05C-CBF1-46A6-83A4-D6D35FAD68BE}.Release|ARM64.Build.0 = Release|ARM64
		{8017E05C-CBF1-46A6-83A4-D6D35FAD68BE}.Release|x64.ActiveCfg = Release|x64
		{8017E05C-CBF1-46A6-83A4-D6D35FAD68BE}.Release|x64.Build.0 = Release|x64
		{8017E05C-CBF1-46A6-83A4-D6D35FAD68BE}.Release|x86.ActiveCfg = Release|Win32
		{8017E05C-CBF1-46A6-83A4-D6D35FAD68BE}.Release|x86.Build.0 = Release|Win32
		{4442C73D-B5A6-41F5-A8DB-F3C4E462DC07}.Debug|ARM64.ActiveCfg = Debug|ARM64
		{4442C73D-B5A6-41F5-A8DB-F3C4E462DC07}.Debug|ARM64.Build.0 = Debug|ARM64
		{4442C73D-B5A6-41F5-A8DB-F3C4E462DC07}.Debug|x64.ActiveCfg = Debug|x64
		{4442C73D-B5A6-41F5-A8DB-F3C4E462DC07}.Debug|x64.Build.0 = Debug|x64
		{4442C73D-B5A6-41F5-A8DB-F3C4E462DC07}.Debug|x86.ActiveCfg = Debug|Win32
		{4442C73D-B5A6-41F5-A8DB-F3C4E462DC07}.Debug|x86.Build.0 = Debug|Win32
		{4442C73D-B5A6-41F5-A8DB-F3C4E462DC07}.Release|ARM64.ActiveCfg = Release|ARM64
		{4442C73D-B5A6-41F5-A8DB-F3C4E462DC07}.Release|ARM64.Build.0 = Release|ARM64
		{4442C73D-B5A6-41F5-A8DB-F3C4E462DC07}.Release|x64.ActiveCfg = Release|x64
		{4442C73D-B5A6-41F5-A8DB-F3C4E462DC07}.Release|x64.Build.0 = Release|x64
		{4442C73D-B5A6-41F5-A8DB-F3C4E462DC07}.Release|x86.ActiveCfg = Release|Win32
		{4442C73D-B5A6-41F5-A8DB-F3C4E462DC07}.Release|x86.Build.0 = Release|Win32
		{10C78369-3226-4419-958B-86D758AD0A6F}.Debug|ARM64.ActiveCfg = Debug|ARM64
		{10C78369-3226-4419-958B-86D758AD0A6F}.Debug|ARM64.Build.0 = Debug|ARM64
		{10C78369-3226-4419-958B-86D758AD0A6F}.Debug|x64.ActiveCfg = Debug|x64
		{10C78369-3226-4419-958B-86D758AD0A6F}.Debug|x64.Build.0 = Debug|x64
		{10C78369-3226-4419-958B-86D758AD0A6F}.Debug|x86.ActiveCfg = Debug|Win32
		{10C78369-3226-4419-958B-86D758AD0A6F}.Debug|x86.Build.0 = Debug|Win32
		{10C78369-3226-4419-958B-86D758AD0A6F}.Release|ARM64.ActiveCfg = Release|ARM64
		{10C78369-3226-4419-958B-86D758AD0A6F}.Release|ARM64.Build.0 = Release|ARM64
		{10C78369-3226-4419-958B-86D758AD0A6F}.Release|x64.ActiveCfg = Release|x64
		{10C78369-3226-4419-958B-86D758AD0A6F}.Release|x64.Build.0 = Release|x64
		{10C78369-3226-4419-958B-86D758AD0A6F}.Release|x86.ActiveCfg = Release|Win32
		{10C78369-3226-4419-958B-86D758AD0A6F}.Release|x86.Build.0 = Release|Win32
		{0CCEC47A-87DF-4783-90D4-97E357C66506}.Debug|ARM64.ActiveCfg = Debug|ARM64
		{0CCEC47A-87DF-4783-90D4-97E357C66506}.Debug|ARM64.Build.0 = Debug|ARM64
		{0CCEC47A-87DF-4783-90D4-97E357C66506}.Debug|x64.ActiveCfg = Debug|x64
		{0CCEC47A-87DF-4783-90D4-97E357C66506}.Debug|x64.Build.0 = Debug|x64
		{0CCEC47A-87DF-4783-90D4-97E357C66506}.Debug|x86.ActiveCfg = Debug|Win32
		{0CCEC47A-87DF-4783-90D4-97E357C66506}.Debug|x86.Build.0 = Debug|Win32
		{0CCEC47A-87DF-4783-90D4-97E357C66506}.Release|ARM64.ActiveCfg = Release|ARM64
		{0CCEC47A-87DF-4783-90D4-97E357C66506}.Release|ARM64.Build.0 = Release|ARM64
		{0CCEC47A-87DF-4783-90D4-97E357C66506}.Release|x64.ActiveCfg = Release|x64
		{0CCEC47A-87DF-4783-90D4-97E357C66506}.Release|x64.Build.0 = Release|x64
		{0CCEC47A-87DF-4783-90D4-97E357C66506}.Release|x86.ActiveCfg = Release|Win32
		{0CCEC47A-87DF-4783-90D4-97E357C66506}.Release|x86.Build.0 = Release|Win32
	EndGlobalSection
	GlobalSection(SolutionProperties) = preSolution
		HideSolutionNode = FALSE
	EndGlobalSection
	GlobalSection(ExtensibilityGlobals) = postSolution
		SolutionGuid = {3292C8A0-230C-43AE-A96A-F3CF55775429}
	EndGlobalSection
EndGlobal
